// !$*UTF8*$!
{
	archiveVersion = 1;
	classes = {
	};
	objectVersion = 56;
	objects = {

/* Begin PBXBuildFile section */
		D3604B082A1CCC6100117ED4 /* Constants.swift in Sources */ = {isa = PBXBuildFile; fileRef = D3604B072A1CCC6100117ED4 /* Constants.swift */; };
		D3604B0B2A1CCFCE00117ED4 /* BeerDetailProvider.swift in Sources */ = {isa = PBXBuildFile; fileRef = D3604B0A2A1CCFCE00117ED4 /* BeerDetailProvider.swift */; };
		D3604B0D2A1CCFDF00117ED4 /* BeerDetailInteractor.swift in Sources */ = {isa = PBXBuildFile; fileRef = D3604B0C2A1CCFDF00117ED4 /* BeerDetailInteractor.swift */; };
		D3604B0F2A1CCFF200117ED4 /* BeerDetailPresenter.swift in Sources */ = {isa = PBXBuildFile; fileRef = D3604B0E2A1CCFF200117ED4 /* BeerDetailPresenter.swift */; };
		D3604B112A1CD00700117ED4 /* BeerDetailCoordinator.swift in Sources */ = {isa = PBXBuildFile; fileRef = D3604B102A1CD00700117ED4 /* BeerDetailCoordinator.swift */; };
		D3604B172A1CD31E00117ED4 /* BeerDetailView.swift in Sources */ = {isa = PBXBuildFile; fileRef = D3604B162A1CD31E00117ED4 /* BeerDetailView.swift */; };
		D3A407952A1CF84800382FE1 /* BeerListProviderTest.swift in Sources */ = {isa = PBXBuildFile; fileRef = D3A407942A1CF84800382FE1 /* BeerListProviderTest.swift */; };
		D3A4079B2A1CF8F600382FE1 /* BeerSearchingAppUITestsLaunchTests.swift in Sources */ = {isa = PBXBuildFile; fileRef = D3A407982A1CF85100382FE1 /* BeerSearchingAppUITestsLaunchTests.swift */; };
		D3A4079C2A1CF8FB00382FE1 /* BeerSearchingAppUITests.swift in Sources */ = {isa = PBXBuildFile; fileRef = D3A407972A1CF85100382FE1 /* BeerSearchingAppUITests.swift */; };
		D3A4079F2A1CF9CD00382FE1 /* SDWebImageSwiftUI in Frameworks */ = {isa = PBXBuildFile; productRef = D3A4079E2A1CF9CD00382FE1 /* SDWebImageSwiftUI */; };
		D3A407A12A1CFDBE00382FE1 /* BeerInteractorTest.swift in Sources */ = {isa = PBXBuildFile; fileRef = D3A407A02A1CFDBE00382FE1 /* BeerInteractorTest.swift */; };
		D3B6BE172A1BB5DF00C90625 /* BeerSearchingAppApp.swift in Sources */ = {isa = PBXBuildFile; fileRef = D3B6BE162A1BB5DF00C90625 /* BeerSearchingAppApp.swift */; };
		D3B6BE192A1BB5DF00C90625 /* ContentView.swift in Sources */ = {isa = PBXBuildFile; fileRef = D3B6BE182A1BB5DF00C90625 /* ContentView.swift */; };
		D3B6BE1B2A1BB5E000C90625 /* Assets.xcassets in Resources */ = {isa = PBXBuildFile; fileRef = D3B6BE1A2A1BB5E000C90625 /* Assets.xcassets */; };
		D3B6BE1E2A1BB5E000C90625 /* Preview Assets.xcassets in Resources */ = {isa = PBXBuildFile; fileRef = D3B6BE1D2A1BB5E000C90625 /* Preview Assets.xcassets */; };
		D3B6BE452A1BB7AC00C90625 /* BeerServerModel.swift in Sources */ = {isa = PBXBuildFile; fileRef = D3B6BE442A1BB7AC00C90625 /* BeerServerModel.swift */; };
		D3B6BE472A1BB83D00C90625 /* BeerViewModel.swift in Sources */ = {isa = PBXBuildFile; fileRef = D3B6BE462A1BB83D00C90625 /* BeerViewModel.swift */; };
		D3B6BE4A2A1BB89300C90625 /* BeerProvider.swift in Sources */ = {isa = PBXBuildFile; fileRef = D3B6BE492A1BB89300C90625 /* BeerProvider.swift */; };
		D3B6BE4C2A1BB8A800C90625 /* BeerInteractor.swift in Sources */ = {isa = PBXBuildFile; fileRef = D3B6BE4B2A1BB8A800C90625 /* BeerInteractor.swift */; };
		D3B6BE4E2A1BB8B200C90625 /* BeerPresenter.swift in Sources */ = {isa = PBXBuildFile; fileRef = D3B6BE4D2A1BB8B200C90625 /* BeerPresenter.swift */; };
		D3B6BE512A1BB98F00C90625 /* BaseVip.swift in Sources */ = {isa = PBXBuildFile; fileRef = D3B6BE502A1BB98F00C90625 /* BaseVip.swift */; };
		D3B6BE532A1BB9E600C90625 /* BeerCoordinator.swift in Sources */ = {isa = PBXBuildFile; fileRef = D3B6BE522A1BB9E600C90625 /* BeerCoordinator.swift */; };
		D3B6BE592A1BBA6400C90625 /* BeerListView.swift in Sources */ = {isa = PBXBuildFile; fileRef = D3B6BE582A1BBA6400C90625 /* BeerListView.swift */; };
		D3B6BE5B2A1BBBB200C90625 /* BeerRequestModel.swift in Sources */ = {isa = PBXBuildFile; fileRef = D3B6BE5A2A1BBBB200C90625 /* BeerRequestModel.swift */; };
		D3B6BE5E2A1BBC1D00C90625 /* NetworkingError.swift in Sources */ = {isa = PBXBuildFile; fileRef = D3B6BE5D2A1BBC1D00C90625 /* NetworkingError.swift */; };
		D3B6BE612A1BBD4400C90625 /* NetworkRequestManager.swift in Sources */ = {isa = PBXBuildFile; fileRef = D3B6BE602A1BBD4400C90625 /* NetworkRequestManager.swift */; };
		D3B6BE672A1BC3BB00C90625 /* Alamofire in Frameworks */ = {isa = PBXBuildFile; productRef = D3B6BE662A1BC3BB00C90625 /* Alamofire */; };
		D3B6BE6D2A1BF02E00C90625 /* SDWebImageSwiftUI in Frameworks */ = {isa = PBXBuildFile; productRef = D3B6BE6C2A1BF02E00C90625 /* SDWebImageSwiftUI */; };
		D3B6BE722A1BF67300C90625 /* OutlinedTextField.swift in Sources */ = {isa = PBXBuildFile; fileRef = D3B6BE712A1BF67300C90625 /* OutlinedTextField.swift */; };
/* End PBXBuildFile section */

/* Begin PBXContainerItemProxy section */
		D3B6BE242A1BB5E000C90625 /* PBXContainerItemProxy */ = {
			isa = PBXContainerItemProxy;
			containerPortal = D3B6BE0B2A1BB5DF00C90625 /* Project object */;
			proxyType = 1;
			remoteGlobalIDString = D3B6BE122A1BB5DF00C90625;
			remoteInfo = BeerSearchingApp;
		};
		D3B6BE2E2A1BB5E000C90625 /* PBXContainerItemProxy */ = {
			isa = PBXContainerItemProxy;
			containerPortal = D3B6BE0B2A1BB5DF00C90625 /* Project object */;
			proxyType = 1;
			remoteGlobalIDString = D3B6BE122A1BB5DF00C90625;
			remoteInfo = BeerSearchingApp;
		};
/* End PBXContainerItemProxy section */

/* Begin PBXFileReference section */
		D3604B072A1CCC6100117ED4 /* Constants.swift */ = {isa = PBXFileReference; lastKnownFileType = sourcecode.swift; path = Constants.swift; sourceTree = "<group>"; };
		D3604B0A2A1CCFCE00117ED4 /* BeerDetailProvider.swift */ = {isa = PBXFileReference; lastKnownFileType = sourcecode.swift; path = BeerDetailProvider.swift; sourceTree = "<group>"; };
		D3604B0C2A1CCFDF00117ED4 /* BeerDetailInteractor.swift */ = {isa = PBXFileReference; lastKnownFileType = sourcecode.swift; path = BeerDetailInteractor.swift; sourceTree = "<group>"; };
		D3604B0E2A1CCFF200117ED4 /* BeerDetailPresenter.swift */ = {isa = PBXFileReference; lastKnownFileType = sourcecode.swift; path = BeerDetailPresenter.swift; sourceTree = "<group>"; };
		D3604B102A1CD00700117ED4 /* BeerDetailCoordinator.swift */ = {isa = PBXFileReference; lastKnownFileType = sourcecode.swift; path = BeerDetailCoordinator.swift; sourceTree = "<group>"; };
		D3604B162A1CD31E00117ED4 /* BeerDetailView.swift */ = {isa = PBXFileReference; lastKnownFileType = sourcecode.swift; path = BeerDetailView.swift; sourceTree = "<group>"; };
		D3A407942A1CF84800382FE1 /* BeerListProviderTest.swift */ = {isa = PBXFileReference; fileEncoding = 4; lastKnownFileType = sourcecode.swift; path = BeerListProviderTest.swift; sourceTree = "<group>"; };
		D3A407972A1CF85100382FE1 /* BeerSearchingAppUITests.swift */ = {isa = PBXFileReference; fileEncoding = 4; lastKnownFileType = sourcecode.swift; path = BeerSearchingAppUITests.swift; sourceTree = "<group>"; };
		D3A407982A1CF85100382FE1 /* BeerSearchingAppUITestsLaunchTests.swift */ = {isa = PBXFileReference; fileEncoding = 4; lastKnownFileType = sourcecode.swift; path = BeerSearchingAppUITestsLaunchTests.swift; sourceTree = "<group>"; };
		D3A407A02A1CFDBE00382FE1 /* BeerInteractorTest.swift */ = {isa = PBXFileReference; lastKnownFileType = sourcecode.swift; path = BeerInteractorTest.swift; sourceTree = "<group>"; };
		D3B6BE132A1BB5DF00C90625 /* BeerSearchingApp.app */ = {isa = PBXFileReference; explicitFileType = wrapper.application; includeInIndex = 0; path = BeerSearchingApp.app; sourceTree = BUILT_PRODUCTS_DIR; };
		D3B6BE162A1BB5DF00C90625 /* BeerSearchingAppApp.swift */ = {isa = PBXFileReference; lastKnownFileType = sourcecode.swift; path = BeerSearchingAppApp.swift; sourceTree = "<group>"; };
		D3B6BE182A1BB5DF00C90625 /* ContentView.swift */ = {isa = PBXFileReference; lastKnownFileType = sourcecode.swift; path = ContentView.swift; sourceTree = "<group>"; };
		D3B6BE1A2A1BB5E000C90625 /* Assets.xcassets */ = {isa = PBXFileReference; lastKnownFileType = folder.assetcatalog; path = Assets.xcassets; sourceTree = "<group>"; };
		D3B6BE1D2A1BB5E000C90625 /* Preview Assets.xcassets */ = {isa = PBXFileReference; lastKnownFileType = folder.assetcatalog; path = "Preview Assets.xcassets"; sourceTree = "<group>"; };
		D3B6BE232A1BB5E000C90625 /* BeerSearchingAppTests.xctest */ = {isa = PBXFileReference; explicitFileType = wrapper.cfbundle; includeInIndex = 0; path = BeerSearchingAppTests.xctest; sourceTree = BUILT_PRODUCTS_DIR; };
		D3B6BE2D2A1BB5E000C90625 /* BeerSearchingAppUITests.xctest */ = {isa = PBXFileReference; explicitFileType = wrapper.cfbundle; includeInIndex = 0; path = BeerSearchingAppUITests.xctest; sourceTree = BUILT_PRODUCTS_DIR; };
		D3B6BE442A1BB7AC00C90625 /* BeerServerModel.swift */ = {isa = PBXFileReference; lastKnownFileType = sourcecode.swift; path = BeerServerModel.swift; sourceTree = "<group>"; };
		D3B6BE462A1BB83D00C90625 /* BeerViewModel.swift */ = {isa = PBXFileReference; lastKnownFileType = sourcecode.swift; path = BeerViewModel.swift; sourceTree = "<group>"; };
		D3B6BE492A1BB89300C90625 /* BeerProvider.swift */ = {isa = PBXFileReference; lastKnownFileType = sourcecode.swift; path = BeerProvider.swift; sourceTree = "<group>"; };
		D3B6BE4B2A1BB8A800C90625 /* BeerInteractor.swift */ = {isa = PBXFileReference; lastKnownFileType = sourcecode.swift; path = BeerInteractor.swift; sourceTree = "<group>"; };
		D3B6BE4D2A1BB8B200C90625 /* BeerPresenter.swift */ = {isa = PBXFileReference; lastKnownFileType = sourcecode.swift; path = BeerPresenter.swift; sourceTree = "<group>"; };
		D3B6BE502A1BB98F00C90625 /* BaseVip.swift */ = {isa = PBXFileReference; lastKnownFileType = sourcecode.swift; path = BaseVip.swift; sourceTree = "<group>"; };
		D3B6BE522A1BB9E600C90625 /* BeerCoordinator.swift */ = {isa = PBXFileReference; lastKnownFileType = sourcecode.swift; path = BeerCoordinator.swift; sourceTree = "<group>"; };
		D3B6BE582A1BBA6400C90625 /* BeerListView.swift */ = {isa = PBXFileReference; lastKnownFileType = sourcecode.swift; path = BeerListView.swift; sourceTree = "<group>"; };
		D3B6BE5A2A1BBBB200C90625 /* BeerRequestModel.swift */ = {isa = PBXFileReference; lastKnownFileType = sourcecode.swift; path = BeerRequestModel.swift; sourceTree = "<group>"; };
		D3B6BE5D2A1BBC1D00C90625 /* NetworkingError.swift */ = {isa = PBXFileReference; lastKnownFileType = sourcecode.swift; path = NetworkingError.swift; sourceTree = "<group>"; };
		D3B6BE602A1BBD4400C90625 /* NetworkRequestManager.swift */ = {isa = PBXFileReference; lastKnownFileType = sourcecode.swift; path = NetworkRequestManager.swift; sourceTree = "<group>"; };
		D3B6BE712A1BF67300C90625 /* OutlinedTextField.swift */ = {isa = PBXFileReference; lastKnownFileType = sourcecode.swift; path = OutlinedTextField.swift; sourceTree = "<group>"; };
/* End PBXFileReference section */

/* Begin PBXFrameworksBuildPhase section */
		D3B6BE102A1BB5DF00C90625 /* Frameworks */ = {
			isa = PBXFrameworksBuildPhase;
			buildActionMask = 2147483647;
			files = (
				D3B6BE6D2A1BF02E00C90625 /* SDWebImageSwiftUI in Frameworks */,
				D3B6BE672A1BC3BB00C90625 /* Alamofire in Frameworks */,
			);
			runOnlyForDeploymentPostprocessing = 0;
		};
		D3B6BE202A1BB5E000C90625 /* Frameworks */ = {
			isa = PBXFrameworksBuildPhase;
			buildActionMask = 2147483647;
			files = (
				D3A4079F2A1CF9CD00382FE1 /* SDWebImageSwiftUI in Frameworks */,
			);
			runOnlyForDeploymentPostprocessing = 0;
		};
		D3B6BE2A2A1BB5E000C90625 /* Frameworks */ = {
			isa = PBXFrameworksBuildPhase;
			buildActionMask = 2147483647;
			files = (
			);
			runOnlyForDeploymentPostprocessing = 0;
		};
/* End PBXFrameworksBuildPhase section */

/* Begin PBXGroup section */
		D3604B062A1CCC4C00117ED4 /* Utils */ = {
			isa = PBXGroup;
			children = (
				D3604B072A1CCC6100117ED4 /* Constants.swift */,
			);
			path = Utils;
			sourceTree = "<group>";
		};
		D3604B092A1CCFB200117ED4 /* DetailScreen */ = {
			isa = PBXGroup;
			children = (
				D3604B0A2A1CCFCE00117ED4 /* BeerDetailProvider.swift */,
				D3604B0C2A1CCFDF00117ED4 /* BeerDetailInteractor.swift */,
				D3604B0E2A1CCFF200117ED4 /* BeerDetailPresenter.swift */,
				D3604B102A1CD00700117ED4 /* BeerDetailCoordinator.swift */,
				D3604B162A1CD31E00117ED4 /* BeerDetailView.swift */,
			);
			path = DetailScreen;
			sourceTree = "<group>";
		};
		D3A407922A1CF84800382FE1 /* BeerSearchingAppTests */ = {
			isa = PBXGroup;
			children = (
				D3A407932A1CF84800382FE1 /* Home */,
			);
			path = BeerSearchingAppTests;
			sourceTree = "<group>";
		};
		D3A407932A1CF84800382FE1 /* Home */ = {
			isa = PBXGroup;
			children = (
				D3A407942A1CF84800382FE1 /* BeerListProviderTest.swift */,
				D3A407A02A1CFDBE00382FE1 /* BeerInteractorTest.swift */,
			);
			path = Home;
			sourceTree = "<group>";
		};
		D3A407962A1CF85100382FE1 /* BeerSearchingAppUITests */ = {
			isa = PBXGroup;
			children = (
				D3A407972A1CF85100382FE1 /* BeerSearchingAppUITests.swift */,
				D3A407982A1CF85100382FE1 /* BeerSearchingAppUITestsLaunchTests.swift */,
			);
			path = BeerSearchingAppUITests;
			sourceTree = "<group>";
		};
		D3A4079D2A1CF9CD00382FE1 /* Frameworks */ = {
			isa = PBXGroup;
			children = (
			);
			name = Frameworks;
			sourceTree = "<group>";
		};
		D3B6BE0A2A1BB5DF00C90625 = {
			isa = PBXGroup;
			children = (
				D3B6BE152A1BB5DF00C90625 /* BeerSearchingApp */,
				D3A407922A1CF84800382FE1 /* BeerSearchingAppTests */,
				D3A407962A1CF85100382FE1 /* BeerSearchingAppUITests */,
				D3B6BE142A1BB5DF00C90625 /* Products */,
				D3A4079D2A1CF9CD00382FE1 /* Frameworks */,
			);
			sourceTree = "<group>";
		};
		D3B6BE142A1BB5DF00C90625 /* Products */ = {
			isa = PBXGroup;
			children = (
				D3B6BE132A1BB5DF00C90625 /* BeerSearchingApp.app */,
				D3B6BE232A1BB5E000C90625 /* BeerSearchingAppTests.xctest */,
				D3B6BE2D2A1BB5E000C90625 /* BeerSearchingAppUITests.xctest */,
			);
			name = Products;
			sourceTree = "<group>";
		};
		D3B6BE152A1BB5DF00C90625 /* BeerSearchingApp */ = {
			isa = PBXGroup;
			children = (
				D3B6BE5C2A1BBC0300C90625 /* Managers */,
				D3B6BE4F2A1BB8DB00C90625 /* Base */,
				D3B6BE412A1BB60500C90625 /* Data */,
				D3B6BE402A1BB5F200C90625 /* Feature */,
				D3B6BE162A1BB5DF00C90625 /* BeerSearchingAppApp.swift */,
				D3B6BE182A1BB5DF00C90625 /* ContentView.swift */,
				D3B6BE1A2A1BB5E000C90625 /* Assets.xcassets */,
				D3B6BE1C2A1BB5E000C90625 /* Preview Content */,
			);
			path = BeerSearchingApp;
			sourceTree = "<group>";
		};
		D3B6BE1C2A1BB5E000C90625 /* Preview Content */ = {
			isa = PBXGroup;
			children = (
				D3B6BE1D2A1BB5E000C90625 /* Preview Assets.xcassets */,
			);
			path = "Preview Content";
			sourceTree = "<group>";
		};
		D3B6BE402A1BB5F200C90625 /* Feature */ = {
			isa = PBXGroup;
			children = (
				D3604B092A1CCFB200117ED4 /* DetailScreen */,
				D3B6BE482A1BB86D00C90625 /* Home */,
			);
			path = Feature;
			sourceTree = "<group>";
		};
		D3B6BE412A1BB60500C90625 /* Data */ = {
			isa = PBXGroup;
			children = (
				D3B6BE5F2A1BBC6F00C90625 /* Request */,
				D3B6BE432A1BB79600C90625 /* ServerModel */,
				D3B6BE422A1BB78700C90625 /* ViewModel */,
			);
			path = Data;
			sourceTree = "<group>";
		};
		D3B6BE422A1BB78700C90625 /* ViewModel */ = {
			isa = PBXGroup;
			children = (
				D3B6BE462A1BB83D00C90625 /* BeerViewModel.swift */,
			);
			path = ViewModel;
			sourceTree = "<group>";
		};
		D3B6BE432A1BB79600C90625 /* ServerModel */ = {
			isa = PBXGroup;
			children = (
				D3B6BE442A1BB7AC00C90625 /* BeerServerModel.swift */,
				D3B6BE5A2A1BBBB200C90625 /* BeerRequestModel.swift */,
			);
			path = ServerModel;
			sourceTree = "<group>";
		};
		D3B6BE482A1BB86D00C90625 /* Home */ = {
			isa = PBXGroup;
			children = (
				D3B6BE492A1BB89300C90625 /* BeerProvider.swift */,
				D3B6BE4B2A1BB8A800C90625 /* BeerInteractor.swift */,
				D3B6BE4D2A1BB8B200C90625 /* BeerPresenter.swift */,
				D3B6BE522A1BB9E600C90625 /* BeerCoordinator.swift */,
				D3B6BE582A1BBA6400C90625 /* BeerListView.swift */,
			);
			path = Home;
			sourceTree = "<group>";
		};
		D3B6BE4F2A1BB8DB00C90625 /* Base */ = {
			isa = PBXGroup;
			children = (
				D3604B062A1CCC4C00117ED4 /* Utils */,
				D3B6BE6E2A1BF60C00C90625 /* Components */,
				D3B6BE502A1BB98F00C90625 /* BaseVip.swift */,
			);
			path = Base;
			sourceTree = "<group>";
		};
		D3B6BE5C2A1BBC0300C90625 /* Managers */ = {
			isa = PBXGroup;
			children = (
				D3B6BE5D2A1BBC1D00C90625 /* NetworkingError.swift */,
				D3B6BE602A1BBD4400C90625 /* NetworkRequestManager.swift */,
			);
			path = Managers;
			sourceTree = "<group>";
		};
		D3B6BE5F2A1BBC6F00C90625 /* Request */ = {
			isa = PBXGroup;
			children = (
			);
			path = Request;
			sourceTree = "<group>";
		};
		D3B6BE6E2A1BF60C00C90625 /* Components */ = {
			isa = PBXGroup;
			children = (
				D3B6BE712A1BF67300C90625 /* OutlinedTextField.swift */,
			);
			path = Components;
			sourceTree = "<group>";
		};
/* End PBXGroup section */

/* Begin PBXNativeTarget section */
		D3B6BE122A1BB5DF00C90625 /* BeerSearchingApp */ = {
			isa = PBXNativeTarget;
			buildConfigurationList = D3B6BE372A1BB5E000C90625 /* Build configuration list for PBXNativeTarget "BeerSearchingApp" */;
			buildPhases = (
				D3B6BE0F2A1BB5DF00C90625 /* Sources */,
				D3B6BE102A1BB5DF00C90625 /* Frameworks */,
				D3B6BE112A1BB5DF00C90625 /* Resources */,
			);
			buildRules = (
			);
			dependencies = (
			);
			name = BeerSearchingApp;
			packageProductDependencies = (
				D3B6BE662A1BC3BB00C90625 /* Alamofire */,
				D3B6BE6C2A1BF02E00C90625 /* SDWebImageSwiftUI */,
			);
			productName = BeerSearchingApp;
			productReference = D3B6BE132A1BB5DF00C90625 /* BeerSearchingApp.app */;
			productType = "com.apple.product-type.application";
		};
		D3B6BE222A1BB5E000C90625 /* BeerSearchingAppTests */ = {
			isa = PBXNativeTarget;
			buildConfigurationList = D3B6BE3A2A1BB5E000C90625 /* Build configuration list for PBXNativeTarget "BeerSearchingAppTests" */;
			buildPhases = (
				D3B6BE1F2A1BB5E000C90625 /* Sources */,
				D3B6BE202A1BB5E000C90625 /* Frameworks */,
				D3B6BE212A1BB5E000C90625 /* Resources */,
			);
			buildRules = (
			);
			dependencies = (
				D3B6BE252A1BB5E000C90625 /* PBXTargetDependency */,
			);
			name = BeerSearchingAppTests;
			packageProductDependencies = (
				D3A4079E2A1CF9CD00382FE1 /* SDWebImageSwiftUI */,
			);
			productName = BeerSearchingAppTests;
			productReference = D3B6BE232A1BB5E000C90625 /* BeerSearchingAppTests.xctest */;
			productType = "com.apple.product-type.bundle.unit-test";
		};
		D3B6BE2C2A1BB5E000C90625 /* BeerSearchingAppUITests */ = {
			isa = PBXNativeTarget;
			buildConfigurationList = D3B6BE3D2A1BB5E000C90625 /* Build configuration list for PBXNativeTarget "BeerSearchingAppUITests" */;
			buildPhases = (
				D3B6BE292A1BB5E000C90625 /* Sources */,
				D3B6BE2A2A1BB5E000C90625 /* Frameworks */,
				D3B6BE2B2A1BB5E000C90625 /* Resources */,
			);
			buildRules = (
			);
			dependencies = (
				D3B6BE2F2A1BB5E000C90625 /* PBXTargetDependency */,
			);
			name = BeerSearchingAppUITests;
			productName = BeerSearchingAppUITests;
			productReference = D3B6BE2D2A1BB5E000C90625 /* BeerSearchingAppUITests.xctest */;
			productType = "com.apple.product-type.bundle.ui-testing";
		};
/* End PBXNativeTarget section */

/* Begin PBXProject section */
		D3B6BE0B2A1BB5DF00C90625 /* Project object */ = {
			isa = PBXProject;
			attributes = {
				BuildIndependentTargetsInParallel = 1;
				LastSwiftUpdateCheck = 1420;
				LastUpgradeCheck = 1420;
				TargetAttributes = {
					D3B6BE122A1BB5DF00C90625 = {
						CreatedOnToolsVersion = 14.2;
					};
					D3B6BE222A1BB5E000C90625 = {
						CreatedOnToolsVersion = 14.2;
						TestTargetID = D3B6BE122A1BB5DF00C90625;
					};
					D3B6BE2C2A1BB5E000C90625 = {
						CreatedOnToolsVersion = 14.2;
						TestTargetID = D3B6BE122A1BB5DF00C90625;
					};
				};
			};
			buildConfigurationList = D3B6BE0E2A1BB5DF00C90625 /* Build configuration list for PBXProject "BeerSearchingApp" */;
			compatibilityVersion = "Xcode 14.0";
			developmentRegion = en;
			hasScannedForEncodings = 0;
			knownRegions = (
				en,
				Base,
			);
			mainGroup = D3B6BE0A2A1BB5DF00C90625;
			packageReferences = (
				D3B6BE652A1BC3BB00C90625 /* XCRemoteSwiftPackageReference "Alamofire" */,
				D3B6BE6B2A1BF02E00C90625 /* XCRemoteSwiftPackageReference "SDWebImageSwiftUI" */,
			);
			productRefGroup = D3B6BE142A1BB5DF00C90625 /* Products */;
			projectDirPath = "";
			projectRoot = "";
			targets = (
				D3B6BE122A1BB5DF00C90625 /* BeerSearchingApp */,
				D3B6BE222A1BB5E000C90625 /* BeerSearchingAppTests */,
				D3B6BE2C2A1BB5E000C90625 /* BeerSearchingAppUITests */,
			);
		};
/* End PBXProject section */

/* Begin PBXResourcesBuildPhase section */
		D3B6BE112A1BB5DF00C90625 /* Resources */ = {
			isa = PBXResourcesBuildPhase;
			buildActionMask = 2147483647;
			files = (
				D3B6BE1E2A1BB5E000C90625 /* Preview Assets.xcassets in Resources */,
				D3B6BE1B2A1BB5E000C90625 /* Assets.xcassets in Resources */,
			);
			runOnlyForDeploymentPostprocessing = 0;
		};
		D3B6BE212A1BB5E000C90625 /* Resources */ = {
			isa = PBXResourcesBuildPhase;
			buildActionMask = 2147483647;
			files = (
			);
			runOnlyForDeploymentPostprocessing = 0;
		};
		D3B6BE2B2A1BB5E000C90625 /* Resources */ = {
			isa = PBXResourcesBuildPhase;
			buildActionMask = 2147483647;
			files = (
			);
			runOnlyForDeploymentPostprocessing = 0;
		};
/* End PBXResourcesBuildPhase section */

/* Begin PBXSourcesBuildPhase section */
		D3B6BE0F2A1BB5DF00C90625 /* Sources */ = {
			isa = PBXSourcesBuildPhase;
			buildActionMask = 2147483647;
			files = (
				D3B6BE592A1BBA6400C90625 /* BeerListView.swift in Sources */,
				D3B6BE472A1BB83D00C90625 /* BeerViewModel.swift in Sources */,
				D3B6BE192A1BB5DF00C90625 /* ContentView.swift in Sources */,
				D3B6BE512A1BB98F00C90625 /* BaseVip.swift in Sources */,
				D3B6BE4C2A1BB8A800C90625 /* BeerInteractor.swift in Sources */,
				D3604B082A1CCC6100117ED4 /* Constants.swift in Sources */,
				D3604B0D2A1CCFDF00117ED4 /* BeerDetailInteractor.swift in Sources */,
				D3604B0F2A1CCFF200117ED4 /* BeerDetailPresenter.swift in Sources */,
				D3B6BE5B2A1BBBB200C90625 /* BeerRequestModel.swift in Sources */,
				D3604B112A1CD00700117ED4 /* BeerDetailCoordinator.swift in Sources */,
				D3B6BE532A1BB9E600C90625 /* BeerCoordinator.swift in Sources */,
				D3B6BE452A1BB7AC00C90625 /* BeerServerModel.swift in Sources */,
				D3B6BE612A1BBD4400C90625 /* NetworkRequestManager.swift in Sources */,
				D3B6BE4A2A1BB89300C90625 /* BeerProvider.swift in Sources */,
				D3B6BE4E2A1BB8B200C90625 /* BeerPresenter.swift in Sources */,
				D3B6BE722A1BF67300C90625 /* OutlinedTextField.swift in Sources */,
				D3B6BE5E2A1BBC1D00C90625 /* NetworkingError.swift in Sources */,
				D3B6BE172A1BB5DF00C90625 /* BeerSearchingAppApp.swift in Sources */,
				D3604B0B2A1CCFCE00117ED4 /* BeerDetailProvider.swift in Sources */,
				D3604B172A1CD31E00117ED4 /* BeerDetailView.swift in Sources */,
			);
			runOnlyForDeploymentPostprocessing = 0;
		};
		D3B6BE1F2A1BB5E000C90625 /* Sources */ = {
			isa = PBXSourcesBuildPhase;
			buildActionMask = 2147483647;
			files = (
				D3A407A12A1CFDBE00382FE1 /* BeerInteractorTest.swift in Sources */,
				D3A407952A1CF84800382FE1 /* BeerListProviderTest.swift in Sources */,
			);
			runOnlyForDeploymentPostprocessing = 0;
		};
		D3B6BE292A1BB5E000C90625 /* Sources */ = {
			isa = PBXSourcesBuildPhase;
			buildActionMask = 2147483647;
			files = (
				D3A4079C2A1CF8FB00382FE1 /* BeerSearchingAppUITests.swift in Sources */,
				D3A4079B2A1CF8F600382FE1 /* BeerSearchingAppUITestsLaunchTests.swift in Sources */,
			);
			runOnlyForDeploymentPostprocessing = 0;
		};
/* End PBXSourcesBuildPhase section */

/* Begin PBXTargetDependency section */
		D3B6BE252A1BB5E000C90625 /* PBXTargetDependency */ = {
			isa = PBXTargetDependency;
			target = D3B6BE122A1BB5DF00C90625 /* BeerSearchingApp */;
			targetProxy = D3B6BE242A1BB5E000C90625 /* PBXContainerItemProxy */;
		};
		D3B6BE2F2A1BB5E000C90625 /* PBXTargetDependency */ = {
			isa = PBXTargetDependency;
			target = D3B6BE122A1BB5DF00C90625 /* BeerSearchingApp */;
			targetProxy = D3B6BE2E2A1BB5E000C90625 /* PBXContainerItemProxy */;
		};
/* End PBXTargetDependency section */

/* Begin XCBuildConfiguration section */
		D3B6BE352A1BB5E000C90625 /* Debug */ = {
			isa = XCBuildConfiguration;
			buildSettings = {
				ALWAYS_SEARCH_USER_PATHS = NO;
				CLANG_ANALYZER_NONNULL = YES;
				CLANG_ANALYZER_NUMBER_OBJECT_CONVERSION = YES_AGGRESSIVE;
				CLANG_CXX_LANGUAGE_STANDARD = "gnu++20";
				CLANG_ENABLE_MODULES = YES;
				CLANG_ENABLE_OBJC_ARC = YES;
				CLANG_ENABLE_OBJC_WEAK = YES;
				CLANG_WARN_BLOCK_CAPTURE_AUTORELEASING = YES;
				CLANG_WARN_BOOL_CONVERSION = YES;
				CLANG_WARN_COMMA = YES;
				CLANG_WARN_CONSTANT_CONVERSION = YES;
				CLANG_WARN_DEPRECATED_OBJC_IMPLEMENTATIONS = YES;
				CLANG_WARN_DIRECT_OBJC_ISA_USAGE = YES_ERROR;
				CLANG_WARN_DOCUMENTATION_COMMENTS = YES;
				CLANG_WARN_EMPTY_BODY = YES;
				CLANG_WARN_ENUM_CONVERSION = YES;
				CLANG_WARN_INFINITE_RECURSION = YES;
				CLANG_WARN_INT_CONVERSION = YES;
				CLANG_WARN_NON_LITERAL_NULL_CONVERSION = YES;
				CLANG_WARN_OBJC_IMPLICIT_RETAIN_SELF = YES;
				CLANG_WARN_OBJC_LITERAL_CONVERSION = YES;
				CLANG_WARN_OBJC_ROOT_CLASS = YES_ERROR;
				CLANG_WARN_QUOTED_INCLUDE_IN_FRAMEWORK_HEADER = YES;
				CLANG_WARN_RANGE_LOOP_ANALYSIS = YES;
				CLANG_WARN_STRICT_PROTOTYPES = YES;
				CLANG_WARN_SUSPICIOUS_MOVE = YES;
				CLANG_WARN_UNGUARDED_AVAILABILITY = YES_AGGRESSIVE;
				CLANG_WARN_UNREACHABLE_CODE = YES;
				CLANG_WARN__DUPLICATE_METHOD_MATCH = YES;
				COPY_PHASE_STRIP = NO;
				DEBUG_INFORMATION_FORMAT = dwarf;
				ENABLE_STRICT_OBJC_MSGSEND = YES;
				ENABLE_TESTABILITY = YES;
				GCC_C_LANGUAGE_STANDARD = gnu11;
				GCC_DYNAMIC_NO_PIC = NO;
				GCC_NO_COMMON_BLOCKS = YES;
				GCC_OPTIMIZATION_LEVEL = 0;
				GCC_PREPROCESSOR_DEFINITIONS = (
					"DEBUG=1",
					"$(inherited)",
				);
				GCC_WARN_64_TO_32_BIT_CONVERSION = YES;
				GCC_WARN_ABOUT_RETURN_TYPE = YES_ERROR;
				GCC_WARN_UNDECLARED_SELECTOR = YES;
				GCC_WARN_UNINITIALIZED_AUTOS = YES_AGGRESSIVE;
				GCC_WARN_UNUSED_FUNCTION = YES;
				GCC_WARN_UNUSED_VARIABLE = YES;
				IPHONEOS_DEPLOYMENT_TARGET = 16.2;
				MTL_ENABLE_DEBUG_INFO = INCLUDE_SOURCE;
				MTL_FAST_MATH = YES;
				ONLY_ACTIVE_ARCH = YES;
				SDKROOT = iphoneos;
				SWIFT_ACTIVE_COMPILATION_CONDITIONS = DEBUG;
				SWIFT_OPTIMIZATION_LEVEL = "-Onone";
			};
			name = Debug;
		};
		D3B6BE362A1BB5E000C90625 /* Release */ = {
			isa = XCBuildConfiguration;
			buildSettings = {
				ALWAYS_SEARCH_USER_PATHS = NO;
				CLANG_ANALYZER_NONNULL = YES;
				CLANG_ANALYZER_NUMBER_OBJECT_CONVERSION = YES_AGGRESSIVE;
				CLANG_CXX_LANGUAGE_STANDARD = "gnu++20";
				CLANG_ENABLE_MODULES = YES;
				CLANG_ENABLE_OBJC_ARC = YES;
				CLANG_ENABLE_OBJC_WEAK = YES;
				CLANG_WARN_BLOCK_CAPTURE_AUTORELEASING = YES;
				CLANG_WARN_BOOL_CONVERSION = YES;
				CLANG_WARN_COMMA = YES;
				CLANG_WARN_CONSTANT_CONVERSION = YES;
				CLANG_WARN_DEPRECATED_OBJC_IMPLEMENTATIONS = YES;
				CLANG_WARN_DIRECT_OBJC_ISA_USAGE = YES_ERROR;
				CLANG_WARN_DOCUMENTATION_COMMENTS = YES;
				CLANG_WARN_EMPTY_BODY = YES;
				CLANG_WARN_ENUM_CONVERSION = YES;
				CLANG_WARN_INFINITE_RECURSION = YES;
				CLANG_WARN_INT_CONVERSION = YES;
				CLANG_WARN_NON_LITERAL_NULL_CONVERSION = YES;
				CLANG_WARN_OBJC_IMPLICIT_RETAIN_SELF = YES;
				CLANG_WARN_OBJC_LITERAL_CONVERSION = YES;
				CLANG_WARN_OBJC_ROOT_CLASS = YES_ERROR;
				CLANG_WARN_QUOTED_INCLUDE_IN_FRAMEWORK_HEADER = YES;
				CLANG_WARN_RANGE_LOOP_ANALYSIS = YES;
				CLANG_WARN_STRICT_PROTOTYPES = YES;
				CLANG_WARN_SUSPICIOUS_MOVE = YES;
				CLANG_WARN_UNGUARDED_AVAILABILITY = YES_AGGRESSIVE;
				CLANG_WARN_UNREACHABLE_CODE = YES;
				CLANG_WARN__DUPLICATE_METHOD_MATCH = YES;
				COPY_PHASE_STRIP = NO;
				DEBUG_INFORMATION_FORMAT = "dwarf-with-dsym";
				ENABLE_NS_ASSERTIONS = NO;
				ENABLE_STRICT_OBJC_MSGSEND = YES;
				GCC_C_LANGUAGE_STANDARD = gnu11;
				GCC_NO_COMMON_BLOCKS = YES;
				GCC_WARN_64_TO_32_BIT_CONVERSION = YES;
				GCC_WARN_ABOUT_RETURN_TYPE = YES_ERROR;
				GCC_WARN_UNDECLARED_SELECTOR = YES;
				GCC_WARN_UNINITIALIZED_AUTOS = YES_AGGRESSIVE;
				GCC_WARN_UNUSED_FUNCTION = YES;
				GCC_WARN_UNUSED_VARIABLE = YES;
				IPHONEOS_DEPLOYMENT_TARGET = 16.2;
				MTL_ENABLE_DEBUG_INFO = NO;
				MTL_FAST_MATH = YES;
				SDKROOT = iphoneos;
				SWIFT_COMPILATION_MODE = wholemodule;
				SWIFT_OPTIMIZATION_LEVEL = "-O";
				VALIDATE_PRODUCT = YES;
			};
			name = Release;
		};
		D3B6BE382A1BB5E000C90625 /* Debug */ = {
			isa = XCBuildConfiguration;
			buildSettings = {
				ASSETCATALOG_COMPILER_APPICON_NAME = AppIcon;
				ASSETCATALOG_COMPILER_GLOBAL_ACCENT_COLOR_NAME = AccentColor;
				CODE_SIGN_STYLE = Automatic;
				CURRENT_PROJECT_VERSION = 1;
				DEVELOPMENT_ASSET_PATHS = "\"BeerSearchingApp/Preview Content\"";
				DEVELOPMENT_TEAM = 8CUD8W65MC;
				ENABLE_PREVIEWS = YES;
				GENERATE_INFOPLIST_FILE = YES;
				INFOPLIST_KEY_UIApplicationSceneManifest_Generation = YES;
				INFOPLIST_KEY_UIApplicationSupportsIndirectInputEvents = YES;
				INFOPLIST_KEY_UILaunchScreen_Generation = YES;
				INFOPLIST_KEY_UISupportedInterfaceOrientations_iPad = "UIInterfaceOrientationPortrait UIInterfaceOrientationPortraitUpsideDown UIInterfaceOrientationLandscapeLeft UIInterfaceOrientationLandscapeRight";
				INFOPLIST_KEY_UISupportedInterfaceOrientations_iPhone = "UIInterfaceOrientationPortrait UIInterfaceOrientationLandscapeLeft UIInterfaceOrientationLandscapeRight";
				LD_RUNPATH_SEARCH_PATHS = (
					"$(inherited)",
					"@executable_path/Frameworks",
				);
				MARKETING_VERSION = 1.0;
				PRODUCT_BUNDLE_IDENTIFIER = sergioSuarez.BeerSearchingApp;
				PRODUCT_NAME = "$(TARGET_NAME)";
				SWIFT_EMIT_LOC_STRINGS = YES;
				SWIFT_VERSION = 5.0;
				TARGETED_DEVICE_FAMILY = "1,2";
			};
			name = Debug;
		};
		D3B6BE392A1BB5E000C90625 /* Release */ = {
			isa = XCBuildConfiguration;
			buildSettings = {
				ASSETCATALOG_COMPILER_APPICON_NAME = AppIcon;
				ASSETCATALOG_COMPILER_GLOBAL_ACCENT_COLOR_NAME = AccentColor;
				CODE_SIGN_STYLE = Automatic;
				CURRENT_PROJECT_VERSION = 1;
				DEVELOPMENT_ASSET_PATHS = "\"BeerSearchingApp/Preview Content\"";
				DEVELOPMENT_TEAM = 8CUD8W65MC;
				ENABLE_PREVIEWS = YES;
				GENERATE_INFOPLIST_FILE = YES;
				INFOPLIST_KEY_UIApplicationSceneManifest_Generation = YES;
				INFOPLIST_KEY_UIApplicationSupportsIndirectInputEvents = YES;
				INFOPLIST_KEY_UILaunchScreen_Generation = YES;
				INFOPLIST_KEY_UISupportedInterfaceOrientations_iPad = "UIInterfaceOrientationPortrait UIInterfaceOrientationPortraitUpsideDown UIInterfaceOrientationLandscapeLeft UIInterfaceOrientationLandscapeRight";
				INFOPLIST_KEY_UISupportedInterfaceOrientations_iPhone = "UIInterfaceOrientationPortrait UIInterfaceOrientationLandscapeLeft UIInterfaceOrientationLandscapeRight";
				LD_RUNPATH_SEARCH_PATHS = (
					"$(inherited)",
					"@executable_path/Frameworks",
				);
				MARKETING_VERSION = 1.0;
				PRODUCT_BUNDLE_IDENTIFIER = sergioSuarez.BeerSearchingApp;
				PRODUCT_NAME = "$(TARGET_NAME)";
				SWIFT_EMIT_LOC_STRINGS = YES;
				SWIFT_VERSION = 5.0;
				TARGETED_DEVICE_FAMILY = "1,2";
			};
			name = Release;
		};
		D3B6BE3B2A1BB5E000C90625 /* Debug */ = {
			isa = XCBuildConfiguration;
			buildSettings = {
				ALWAYS_EMBED_SWIFT_STANDARD_LIBRARIES = YES;
				BUNDLE_LOADER = "$(TEST_HOST)";
				CODE_SIGN_STYLE = Automatic;
				CURRENT_PROJECT_VERSION = 1;
				DEVELOPMENT_TEAM = 8CUD8W65MC;
				GENERATE_INFOPLIST_FILE = YES;
				IPHONEOS_DEPLOYMENT_TARGET = 16.2;
				MARKETING_VERSION = 1.0;
				PRODUCT_BUNDLE_IDENTIFIER = sergioSuarez.BeerSearchingAppTests;
				PRODUCT_NAME = "$(TARGET_NAME)";
				SWIFT_EMIT_LOC_STRINGS = NO;
				SWIFT_VERSION = 5.0;
				TARGETED_DEVICE_FAMILY = "1,2";
				TEST_HOST = "$(BUILT_PRODUCTS_DIR)/BeerSearchingApp.app/$(BUNDLE_EXECUTABLE_FOLDER_PATH)/BeerSearchingApp";
			};
			name = Debug;
		};
		D3B6BE3C2A1BB5E000C90625 /* Release */ = {
			isa = XCBuildConfiguration;
			buildSettings = {
				ALWAYS_EMBED_SWIFT_STANDARD_LIBRARIES = YES;
				BUNDLE_LOADER = "$(TEST_HOST)";
				CODE_SIGN_STYLE = Automatic;
				CURRENT_PROJECT_VERSION = 1;
				DEVELOPMENT_TEAM = 8CUD8W65MC;
				GENERATE_INFOPLIST_FILE = YES;
				IPHONEOS_DEPLOYMENT_TARGET = 16.2;
				MARKETING_VERSION = 1.0;
				PRODUCT_BUNDLE_IDENTIFIER = sergioSuarez.BeerSearchingAppTests;
				PRODUCT_NAME = "$(TARGET_NAME)";
				SWIFT_EMIT_LOC_STRINGS = NO;
				SWIFT_VERSION = 5.0;
				TARGETED_DEVICE_FAMILY = "1,2";
				TEST_HOST = "$(BUILT_PRODUCTS_DIR)/BeerSearchingApp.app/$(BUNDLE_EXECUTABLE_FOLDER_PATH)/BeerSearchingApp";
			};
			name = Release;
		};
		D3B6BE3E2A1BB5E000C90625 /* Debug */ = {
			isa = XCBuildConfiguration;
			buildSettings = {
				ALWAYS_EMBED_SWIFT_STANDARD_LIBRARIES = YES;
				CODE_SIGN_STYLE = Automatic;
				CURRENT_PROJECT_VERSION = 1;
				DEVELOPMENT_TEAM = HNXP25777G;
				GENERATE_INFOPLIST_FILE = YES;
				MARKETING_VERSION = 1.0;
				PRODUCT_BUNDLE_IDENTIFIER = sergioSuarez.BeerSearchingAppUITests;
				PRODUCT_NAME = "$(TARGET_NAME)";
				SWIFT_EMIT_LOC_STRINGS = NO;
				SWIFT_VERSION = 5.0;
				TARGETED_DEVICE_FAMILY = "1,2";
				TEST_TARGET_NAME = BeerSearchingApp;
			};
			name = Debug;
		};
		D3B6BE3F2A1BB5E000C90625 /* Release */ = {
			isa = XCBuildConfiguration;
			buildSettings = {
				ALWAYS_EMBED_SWIFT_STANDARD_LIBRARIES = YES;
				CODE_SIGN_STYLE = Automatic;
				CURRENT_PROJECT_VERSION = 1;
				DEVELOPMENT_TEAM = HNXP25777G;
				GENERATE_INFOPLIST_FILE = YES;
				MARKETING_VERSION = 1.0;
				PRODUCT_BUNDLE_IDENTIFIER = sergioSuarez.BeerSearchingAppUITests;
				PRODUCT_NAME = "$(TARGET_NAME)";
				SWIFT_EMIT_LOC_STRINGS = NO;
				SWIFT_VERSION = 5.0;
				TARGETED_DEVICE_FAMILY = "1,2";
				TEST_TARGET_NAME = BeerSearchingApp;
			};
			name = Release;
		};
/* End XCBuildConfiguration section */

/* Begin XCConfigurationList section */
		D3B6BE0E2A1BB5DF00C90625 /* Build configuration list for PBXProject "BeerSearchingApp" */ = {
			isa = XCConfigurationList;
			buildConfigurations = (
				D3B6BE352A1BB5E000C90625 /* Debug */,
				D3B6BE362A1BB5E000C90625 /* Release */,
			);
			defaultConfigurationIsVisible = 0;
			defaultConfigurationName = Release;
		};
		D3B6BE372A1BB5E000C90625 /* Build configuration list for PBXNativeTarget "BeerSearchingApp" */ = {
			isa = XCConfigurationList;
			buildConfigurations = (
				D3B6BE382A1BB5E000C90625 /* Debug */,
				D3B6BE392A1BB5E000C90625 /* Release */,
			);
			defaultConfigurationIsVisible = 0;
			defaultConfigurationName = Release;
		};
		D3B6BE3A2A1BB5E000C90625 /* Build configuration list for PBXNativeTarget "BeerSearchingAppTests" */ = {
			isa = XCConfigurationList;
			buildConfigurations = (
				D3B6BE3B2A1BB5E000C90625 /* Debug */,
				D3B6BE3C2A1BB5E000C90625 /* Release */,
			);
			defaultConfigurationIsVisible = 0;
			defaultConfigurationName = Release;
		};
		D3B6BE3D2A1BB5E000C90625 /* Build configuration list for PBXNativeTarget "BeerSearchingAppUITests" */ = {
			isa = XCConfigurationList;
			buildConfigurations = (
				D3B6BE3E2A1BB5E000C90625 /* Debug */,
				D3B6BE3F2A1BB5E000C90625 /* Release */,
			);
			defaultConfigurationIsVisible = 0;
			defaultConfigurationName = Release;
		};
/* End XCConfigurationList section */

/* Begin XCRemoteSwiftPackageReference section */
		D3B6BE652A1BC3BB00C90625 /* XCRemoteSwiftPackageReference "Alamofire" */ = {
			isa = XCRemoteSwiftPackageReference;
			repositoryURL = "https://github.com/Alamofire/Alamofire.git";
			requirement = {
				branch = master;
				kind = branch;
			};
		};
		D3B6BE6B2A1BF02E00C90625 /* XCRemoteSwiftPackageReference "SDWebImageSwiftUI" */ = {
			isa = XCRemoteSwiftPackageReference;
			repositoryURL = "https://github.com/SDWebImage/SDWebImageSwiftUI.git";
			requirement = {
				kind = upToNextMajorVersion;
				minimumVersion = 2.0.0;
			};
		};
/* End XCRemoteSwiftPackageReference section */

/* Begin XCSwiftPackageProductDependency section */
		D3A4079E2A1CF9CD00382FE1 /* SDWebImageSwiftUI */ = {
			isa = XCSwiftPackageProductDependency;
			package = D3B6BE6B2A1BF02E00C90625 /* XCRemoteSwiftPackageReference "SDWebImageSwiftUI" */;
			productName = SDWebImageSwiftUI;
		};
		D3B6BE662A1BC3BB00C90625 /* Alamofire */ = {
			isa = XCSwiftPackageProductDependency;
			package = D3B6BE652A1BC3BB00C90625 /* XCRemoteSwiftPackageReference "Alamofire" */;
			productName = Alamofire;
		};
		D3B6BE6C2A1BF02E00C90625 /* SDWebImageSwiftUI */ = {
			isa = XCSwiftPackageProductDependency;
			package = D3B6BE6B2A1BF02E00C90625 /* XCRemoteSwiftPackageReference "SDWebImageSwiftUI" */;
			productName = SDWebImageSwiftUI;
		};
/* End XCSwiftPackageProductDependency section */
	};
	rootObject = D3B6BE0B2A1BB5DF00C90625 /* Project object */;
}
